Microsoft Visual Studio Solution File, Format Version 11.00
# Visual Studio 2008

Project("{8E4FB43E-E367-85BE-ED30-D5193B329610}") = "TestOculus", "Assembly-CSharp-firstpass.csproj", "{4F7A2A56-785E-102A-0786-1D150AA8D18A}"
EndProject
Project("{8E4FB43E-E367-85BE-ED30-D5193B329610}") = "TestOculus", "Assembly-CSharp.csproj", "{0E402005-6388-1987-5EE5-2DD984D7600E}"
EndProject
Project("{8E4FB43E-E367-85BE-ED30-D5193B329610}") = "TestOculus", "Assembly-CSharp-Editor.csproj", "{883B6CDE-653C-B1E0-3950-94A8E50A1720}"
EndProject
Project("{8E4FB43E-E367-85BE-ED30-D5193B329610}") = "TestOculus", "Assembly-UnityScript-firstpass.unityproj", "{BCF914DC-1F6F-73A3-543C-0CC63FA632C8}"
EndProject
Project("{8E4FB43E-E367-85BE-ED30-D5193B329610}") = "TestOculus", "Assembly-UnityScript.unityproj", "{D03C25AD-CE20-D360-B939-AB9FDBB53BA2}"
EndProject
Global
	GlobalSection(SolutionConfigurationPlatforms) = preSolution
		Debug|Any CPU = Debug|Any CPU
		Release|Any CPU = Release|Any CPU
	EndGlobalSection
	GlobalSection(ProjectConfigurationPlatforms) = postSolution
		{4F7A2A56-785E-102A-0786-1D150AA8D18A}.Debug|Any CPU.ActiveCfg = Debug|Any CPU
		{4F7A2A56-785E-102A-0786-1D150AA8D18A}.Debug|Any CPU.Build.0 = Debug|Any CPU
		{4F7A2A56-785E-102A-0786-1D150AA8D18A}.Release|Any CPU.ActiveCfg = Release|Any CPU
		{4F7A2A56-785E-102A-0786-1D150AA8D18A}.Release|Any CPU.Build.0 = Release|Any CPU
		{0E402005-6388-1987-5EE5-2DD984D7600E}.Debug|Any CPU.ActiveCfg = Debug|Any CPU
		{0E402005-6388-1987-5EE5-2DD984D7600E}.Debug|Any CPU.Build.0 = Debug|Any CPU
		{0E402005-6388-1987-5EE5-2DD984D7600E}.Release|Any CPU.ActiveCfg = Release|Any CPU
		{0E402005-6388-1987-5EE5-2DD984D7600E}.Release|Any CPU.Build.0 = Release|Any CPU
		{883B6CDE-653C-B1E0-3950-94A8E50A1720}.Debug|Any CPU.ActiveCfg = Debug|Any CPU
		{883B6CDE-653C-B1E0-3950-94A8E50A1720}.Debug|Any CPU.Build.0 = Debug|Any CPU
		{883B6CDE-653C-B1E0-3950-94A8E50A1720}.Release|Any CPU.ActiveCfg = Release|Any CPU
		{883B6CDE-653C-B1E0-3950-94A8E50A1720}.Release|Any CPU.Build.0 = Release|Any CPU
		{BCF914DC-1F6F-73A3-543C-0CC63FA632C8}.Debug|Any CPU.ActiveCfg = Debug|Any CPU
		{BCF914DC-1F6F-73A3-543C-0CC63FA632C8}.Debug|Any CPU.Build.0 = Debug|Any CPU
		{BCF914DC-1F6F-73A3-543C-0CC63FA632C8}.Release|Any CPU.ActiveCfg = Release|Any CPU
		{BCF914DC-1F6F-73A3-543C-0CC63FA632C8}.Release|Any CPU.Build.0 = Release|Any CPU
		{D03C25AD-CE20-D360-B939-AB9FDBB53BA2}.Debug|Any CPU.ActiveCfg = Debug|Any CPU
		{D03C25AD-CE20-D360-B939-AB9FDBB53BA2}.Debug|Any CPU.Build.0 = Debug|Any CPU
		{D03C25AD-CE20-D360-B939-AB9FDBB53BA2}.Release|Any CPU.ActiveCfg = Release|Any CPU
		{D03C25AD-CE20-D360-B939-AB9FDBB53BA2}.Release|Any CPU.Build.0 = Release|Any CPU
	EndGlobalSection
	GlobalSection(SolutionProperties) = preSolution
		HideSolutionNode = FALSE
	EndGlobalSection
																																																								GlobalSection(MonoDevelopProperties) = preSolution
		StartupItem = Assembly-CSharp.csproj
		Policies = $0
		$0.TextStylePolicy = $1
		$1.inheritsSet = null
		$1.scope = text/x-csharp
		$0.CSharpFormattingPolicy = $2
		$2.inheritsSet = Mono
		$2.inheritsScope = text/x-csharp
		$2.scope = text/x-csharp
		$0.TextStylePolicy = $3
		$3.FileWidth = 120
		$3.TabWidth = 4
		$3.IndentWidth = 4
		$3.EolMarker = Unix
		$3.inheritsSet = Mono
		$3.inheritsScope = text/plain
		$3.scope = text/plain
	EndGlobalSection

EndGlobal
